<?xml version="1.0" encoding="utf-8"?>
<Project ToolsVersion="4.0" xmlns="http://schemas.microsoft.com/developer/msbuild/2003">
  <ItemGroup>
    <Filter Include="Sources">
      <UniqueIdentifier>{8b7ed093-66ce-4096-96d2-fbb9faa4bf52}</UniqueIdentifier>
    </Filter>
    <Filter Include="Sources\Modules">
      <UniqueIdentifier>{7b418be2-1631-4a31-9ef2-8a8b234a7339}</UniqueIdentifier>
    </Filter>
    <Filter Include="Sources\Containers">
      <UniqueIdentifier>{afc36133-f401-499a-aa33-0da1e500fb52}</UniqueIdentifier>
    </Filter>
    <Filter Include="Sources\Tools">
      <UniqueIdentifier>{7e4dfaf7-022c-4f7d-92aa-f3b3fa9d6248}</UniqueIdentifier>
    </Filter>
    <Filter Include="Sources\Helpers">
      <UniqueIdentifier>{121f8e6b-df36-4ab0-be0d-601ddfc9e503}</UniqueIdentifier>
    </Filter>
    <Filter Include="Sources\imgui">
      <UniqueIdentifier>{cfc6741a-b347-4795-b78e-3084ffced040}</UniqueIdentifier>
    </Filter>
    <Filter Include="Sources\MathGeoLib">
      <UniqueIdentifier>{7f307285-e561-4990-867b-961f8452174e}</UniqueIdentifier>
    </Filter>
    <Filter Include="Sources\MathGeoLib\include">
      <UniqueIdentifier>{78b3560a-8f0f-4923-aa0a-f364ee0a9c47}</UniqueIdentifier>
    </Filter>
    <Filter Include="Sources\MathGeoLib\include\Algorithm">
      <UniqueIdentifier>{bddffafb-9cbb-49ac-bfc1-2c5f7a759454}</UniqueIdentifier>
    </Filter>
    <Filter Include="Sources\MathGeoLib\include\Geometry">
      <UniqueIdentifier>{bf08cb2f-f5c9-405e-a931-b750ae663ad8}</UniqueIdentifier>
    </Filter>
    <Filter Include="Sources\MathGeoLib\include\Math">
      <UniqueIdentifier>{4eb142a2-2cbf-4054-a40d-320d0ef79ead}</UniqueIdentifier>
    </Filter>
    <Filter Include="Sources\MathGeoLib\include\Time">
      <UniqueIdentifier>{129a4340-36fc-41db-8aae-37c00a2963fc}</UniqueIdentifier>
    </Filter>
    <Filter Include="Sources\Assimp">
      <UniqueIdentifier>{a59b54d4-dcce-4c64-82f6-eca47f1c8f18}</UniqueIdentifier>
    </Filter>
    <Filter Include="Sources\Assimp\include">
      <UniqueIdentifier>{e34c3919-63f3-4dc9-b53a-562c669d00fa}</UniqueIdentifier>
    </Filter>
    <Filter Include="Sources\Glew">
      <UniqueIdentifier>{a7c3f9a0-602b-4aaf-850c-c8e2b94ea13d}</UniqueIdentifier>
    </Filter>
    <Filter Include="Sources\Glew\include">
      <UniqueIdentifier>{3c94292b-45f6-4bb5-bf98-5f52ff28b986}</UniqueIdentifier>
    </Filter>
    <Filter Include="Sources\DevIL">
      <UniqueIdentifier>{1d0378f9-0cdd-4532-9f5a-788bdfb41beb}</UniqueIdentifier>
    </Filter>
    <Filter Include="Sources\DevIL\include">
      <UniqueIdentifier>{c0eac45a-1cff-4cc3-addb-29be5fa0e9f3}</UniqueIdentifier>
    </Filter>
  </ItemGroup>
  <ItemGroup>
    <ClInclude Include="Module.h">
      <Filter>Sources\Modules</Filter>
    </ClInclude>
    <ClInclude Include="ModuleCamera3D.h">
      <Filter>Sources\Modules</Filter>
    </ClInclude>
    <ClInclude Include="ModuleInput.h">
      <Filter>Sources\Modules</Filter>
    </ClInclude>
    <ClInclude Include="ModuleRenderer3D.h">
      <Filter>Sources\Modules</Filter>
    </ClInclude>
    <ClInclude Include="ModuleWindow.h">
      <Filter>Sources\Modules</Filter>
    </ClInclude>
    <ClInclude Include="p2DynArray.h">
      <Filter>Sources\Containers</Filter>
    </ClInclude>
    <ClInclude Include="p2List.h">
      <Filter>Sources\Containers</Filter>
    </ClInclude>
    <ClInclude Include="p2Point.h">
      <Filter>Sources\Containers</Filter>
    </ClInclude>
    <ClInclude Include="glmath.h">
      <Filter>Sources\Containers</Filter>
    </ClInclude>
    <ClInclude Include="Application.h">
      <Filter>Sources</Filter>
    </ClInclude>
    <ClInclude Include="Globals.h">
      <Filter>Sources</Filter>
    </ClInclude>
    <ClInclude Include="Primitive.h">
      <Filter>Sources\Helpers</Filter>
    </ClInclude>
    <ClInclude Include="Color.h">
      <Filter>Sources\Containers</Filter>
    </ClInclude>
    <ClInclude Include="Light.h">
      <Filter>Sources\Helpers</Filter>
    </ClInclude>
    <ClInclude Include="Timer.h">
      <Filter>Sources\Tools</Filter>
    </ClInclude>
    <ClInclude Include="imgui\imgui_impl_sdl.h">
      <Filter>Sources\imgui</Filter>
    </ClInclude>
    <ClInclude Include="imgui\imgui_internal.h">
      <Filter>Sources\imgui</Filter>
    </ClInclude>
    <ClInclude Include="imgui\imstb_rectpack.h">
      <Filter>Sources\imgui</Filter>
    </ClInclude>
    <ClInclude Include="imgui\imstb_textedit.h">
      <Filter>Sources\imgui</Filter>
    </ClInclude>
    <ClInclude Include="imgui\imstb_truetype.h">
      <Filter>Sources\imgui</Filter>
    </ClInclude>
    <ClInclude Include="imgui\imconfig.h">
      <Filter>Sources\imgui</Filter>
    </ClInclude>
    <ClInclude Include="imgui\imgui.h">
      <Filter>Sources\imgui</Filter>
    </ClInclude>
    <ClInclude Include="imgui\imgui_impl_opengl3.h">
      <Filter>Sources\imgui</Filter>
    </ClInclude>
    <ClInclude Include="imgui\imgui_impl_opengl3_loader.h">
      <Filter>Sources\imgui</Filter>
    </ClInclude>
    <ClInclude Include="ModuleSceneIntro.h">
      <Filter>Sources\Modules</Filter>
    </ClInclude>
    <ClInclude Include="MathGeoLib\include\Algorithm\Random\LCG.h">
      <Filter>Sources\MathGeoLib\include\Algorithm</Filter>
    </ClInclude>
    <ClInclude Include="MathGeoLib\include\Geometry\TriangleMesh.h">
      <Filter>Sources\MathGeoLib\include\Geometry</Filter>
    </ClInclude>
    <ClInclude Include="MathGeoLib\include\Geometry\Triangle.h">
      <Filter>Sources\MathGeoLib\include\Geometry</Filter>
    </ClInclude>
    <ClInclude Include="MathGeoLib\include\Geometry\Sphere.h">
      <Filter>Sources\MathGeoLib\include\Geometry</Filter>
    </ClInclude>
    <ClInclude Include="MathGeoLib\include\Geometry\Ray.h">
      <Filter>Sources\MathGeoLib\include\Geometry</Filter>
    </ClInclude>
    <ClInclude Include="MathGeoLib\include\Geometry\QuadTree.h">
      <Filter>Sources\MathGeoLib\include\Geometry</Filter>
    </ClInclude>
    <ClInclude Include="MathGeoLib\include\Geometry\Polyhedron.h">
      <Filter>Sources\MathGeoLib\include\Geometry</Filter>
    </ClInclude>
    <ClInclude Include="MathGeoLib\include\Geometry\Polygon.h">
      <Filter>Sources\MathGeoLib\include\Geometry</Filter>
    </ClInclude>
    <ClInclude Include="MathGeoLib\include\Geometry\Plane.h">
      <Filter>Sources\MathGeoLib\include\Geometry</Filter>
    </ClInclude>
    <ClInclude Include="MathGeoLib\include\Geometry\PBVolume.h">
      <Filter>Sources\MathGeoLib\include\Geometry</Filter>
    </ClInclude>
    <ClInclude Include="MathGeoLib\include\Geometry\OBB.h">
      <Filter>Sources\MathGeoLib\include\Geometry</Filter>
    </ClInclude>
    <ClInclude Include="MathGeoLib\include\Geometry\LineSegment.h">
      <Filter>Sources\MathGeoLib\include\Geometry</Filter>
    </ClInclude>
    <ClInclude Include="MathGeoLib\include\Geometry\Line.h">
      <Filter>Sources\MathGeoLib\include\Geometry</Filter>
    </ClInclude>
    <ClInclude Include="MathGeoLib\include\Geometry\KDTree.h">
      <Filter>Sources\MathGeoLib\include\Geometry</Filter>
    </ClInclude>
    <ClInclude Include="MathGeoLib\include\Geometry\HitInfo.h">
      <Filter>Sources\MathGeoLib\include\Geometry</Filter>
    </ClInclude>
    <ClInclude Include="MathGeoLib\include\Geometry\GeomType.h">
      <Filter>Sources\MathGeoLib\include\Geometry</Filter>
    </ClInclude>
    <ClInclude Include="MathGeoLib\include\Geometry\GeometryAll.h">
      <Filter>Sources\MathGeoLib\include\Geometry</Filter>
    </ClInclude>
    <ClInclude Include="MathGeoLib\include\Geometry\Frustum.h">
      <Filter>Sources\MathGeoLib\include\Geometry</Filter>
    </ClInclude>
    <ClInclude Include="MathGeoLib\include\Geometry\Cylinder.h">
      <Filter>Sources\MathGeoLib\include\Geometry</Filter>
    </ClInclude>
    <ClInclude Include="MathGeoLib\include\Geometry\Cone.h">
      <Filter>Sources\MathGeoLib\include\Geometry</Filter>
    </ClInclude>
    <ClInclude Include="MathGeoLib\include\Geometry\Circle.h">
      <Filter>Sources\MathGeoLib\include\Geometry</Filter>
    </ClInclude>
    <ClInclude Include="MathGeoLib\include\Geometry\Capsule.h">
      <Filter>Sources\MathGeoLib\include\Geometry</Filter>
    </ClInclude>
    <ClInclude Include="MathGeoLib\include\Geometry\AABB2D.h">
      <Filter>Sources\MathGeoLib\include\Geometry</Filter>
    </ClInclude>
    <ClInclude Include="MathGeoLib\include\Geometry\AABB.h">
      <Filter>Sources\MathGeoLib\include\Geometry</Filter>
    </ClInclude>
    <ClInclude Include="MathGeoLib\include\Math\assume.h">
      <Filter>Sources\MathGeoLib\include\Math</Filter>
    </ClInclude>
    <ClInclude Include="MathGeoLib\include\Math\BitOps.h">
      <Filter>Sources\MathGeoLib\include\Math</Filter>
    </ClInclude>
    <ClInclude Include="MathGeoLib\include\Math\Complex.h">
      <Filter>Sources\MathGeoLib\include\Math</Filter>
    </ClInclude>
    <ClInclude Include="MathGeoLib\include\Math\CoordinateAxisConvention.h">
      <Filter>Sources\MathGeoLib\include\Math</Filter>
    </ClInclude>
    <ClInclude Include="MathGeoLib\include\Math\FixedPoint.h">
      <Filter>Sources\MathGeoLib\include\Math</Filter>
    </ClInclude>
    <ClInclude Include="MathGeoLib\include\Math\float2.h">
      <Filter>Sources\MathGeoLib\include\Math</Filter>
    </ClInclude>
    <ClInclude Include="MathGeoLib\include\Math\float3.h">
      <Filter>Sources\MathGeoLib\include\Math</Filter>
    </ClInclude>
    <ClInclude Include="MathGeoLib\include\Math\float3x3.h">
      <Filter>Sources\MathGeoLib\include\Math</Filter>
    </ClInclude>
    <ClInclude Include="MathGeoLib\include\Math\float3x4.h">
      <Filter>Sources\MathGeoLib\include\Math</Filter>
    </ClInclude>
    <ClInclude Include="MathGeoLib\include\Math\float4.h">
      <Filter>Sources\MathGeoLib\include\Math</Filter>
    </ClInclude>
    <ClInclude Include="MathGeoLib\include\Math\float4_neon.h">
      <Filter>Sources\MathGeoLib\include\Math</Filter>
    </ClInclude>
    <ClInclude Include="MathGeoLib\include\Math\float4_sse.h">
      <Filter>Sources\MathGeoLib\include\Math</Filter>
    </ClInclude>
    <ClInclude Include="MathGeoLib\include\Math\float4x4.h">
      <Filter>Sources\MathGeoLib\include\Math</Filter>
    </ClInclude>
    <ClInclude Include="MathGeoLib\include\Math\float4x4_neon.h">
      <Filter>Sources\MathGeoLib\include\Math</Filter>
    </ClInclude>
    <ClInclude Include="MathGeoLib\include\Math\float4x4_sse.h">
      <Filter>Sources\MathGeoLib\include\Math</Filter>
    </ClInclude>
    <ClInclude Include="MathGeoLib\include\Math\FloatCmp.h">
      <Filter>Sources\MathGeoLib\include\Math</Filter>
    </ClInclude>
    <ClInclude Include="MathGeoLib\include\Math\MathAll.h">
      <Filter>Sources\MathGeoLib\include\Math</Filter>
    </ClInclude>
    <ClInclude Include="MathGeoLib\include\Math\MathConstants.h">
      <Filter>Sources\MathGeoLib\include\Math</Filter>
    </ClInclude>
    <ClInclude Include="MathGeoLib\include\Math\MathFunc.h">
      <Filter>Sources\MathGeoLib\include\Math</Filter>
    </ClInclude>
    <ClInclude Include="MathGeoLib\include\Math\MathLog.h">
      <Filter>Sources\MathGeoLib\include\Math</Filter>
    </ClInclude>
    <ClInclude Include="MathGeoLib\include\Math\MathNamespace.h">
      <Filter>Sources\MathGeoLib\include\Math</Filter>
    </ClInclude>
    <ClInclude Include="MathGeoLib\include\Math\MathTypes.h">
      <Filter>Sources\MathGeoLib\include\Math</Filter>
    </ClInclude>
    <ClInclude Include="MathGeoLib\include\Math\MatrixProxy.h">
      <Filter>Sources\MathGeoLib\include\Math</Filter>
    </ClInclude>
    <ClInclude Include="MathGeoLib\include\Math\myassert.h">
      <Filter>Sources\MathGeoLib\include\Math</Filter>
    </ClInclude>
    <ClInclude Include="MathGeoLib\include\Math\Polynomial.h">
      <Filter>Sources\MathGeoLib\include\Math</Filter>
    </ClInclude>
    <ClInclude Include="MathGeoLib\include\Math\Quat.h">
      <Filter>Sources\MathGeoLib\include\Math</Filter>
    </ClInclude>
    <ClInclude Include="MathGeoLib\include\Math\quat_simd.h">
      <Filter>Sources\MathGeoLib\include\Math</Filter>
    </ClInclude>
    <ClInclude Include="MathGeoLib\include\Math\Rect.h">
      <Filter>Sources\MathGeoLib\include\Math</Filter>
    </ClInclude>
    <ClInclude Include="MathGeoLib\include\Math\Reinterpret.h">
      <Filter>Sources\MathGeoLib\include\Math</Filter>
    </ClInclude>
    <ClInclude Include="MathGeoLib\include\Math\sse_mathfun.h">
      <Filter>Sources\MathGeoLib\include\Math</Filter>
    </ClInclude>
    <ClInclude Include="MathGeoLib\include\Math\SSEMath.h">
      <Filter>Sources\MathGeoLib\include\Math</Filter>
    </ClInclude>
    <ClInclude Include="MathGeoLib\include\Math\TransformOps.h">
      <Filter>Sources\MathGeoLib\include\Math</Filter>
    </ClInclude>
    <ClInclude Include="MathGeoLib\include\Time\Clock.h">
      <Filter>Sources\MathGeoLib\include\Time</Filter>
    </ClInclude>
    <ClInclude Include="imgui_menu.h">
      <Filter>Sources\imgui</Filter>
    </ClInclude>
    <ClInclude Include="ModuleOpenGL_Primitives.h">
      <Filter>Sources\Modules</Filter>
    </ClInclude>
    <ClInclude Include="Assimp (1)\Assimp\Assimp\include\ai_assert.h">
      <Filter>Sources\Assimp\include</Filter>
    </ClInclude>
    <ClInclude Include="Assimp (1)\Assimp\Assimp\include\anim.h">
      <Filter>Sources\Assimp\include</Filter>
    </ClInclude>
    <ClInclude Include="Assimp (1)\Assimp\Assimp\include\camera.h">
      <Filter>Sources\Assimp\include</Filter>
    </ClInclude>
    <ClInclude Include="Assimp (1)\Assimp\Assimp\include\cexport.h">
      <Filter>Sources\Assimp\include</Filter>
    </ClInclude>
    <ClInclude Include="Assimp (1)\Assimp\Assimp\include\cfileio.h">
      <Filter>Sources\Assimp\include</Filter>
    </ClInclude>
    <ClInclude Include="Assimp (1)\Assimp\Assimp\include\cimport.h">
      <Filter>Sources\Assimp\include</Filter>
    </ClInclude>
    <ClInclude Include="Assimp (1)\Assimp\Assimp\include\color4.h">
      <Filter>Sources\Assimp\include</Filter>
    </ClInclude>
    <ClInclude Include="Assimp (1)\Assimp\Assimp\include\config.h">
      <Filter>Sources\Assimp\include</Filter>
    </ClInclude>
    <ClInclude Include="Assimp (1)\Assimp\Assimp\include\DefaultLogger.hpp">
      <Filter>Sources\Assimp\include</Filter>
    </ClInclude>
    <ClInclude Include="Assimp (1)\Assimp\Assimp\include\defs.h">
      <Filter>Sources\Assimp\include</Filter>
    </ClInclude>
    <ClInclude Include="Assimp (1)\Assimp\Assimp\include\Exporter.hpp">
      <Filter>Sources\Assimp\include</Filter>
    </ClInclude>
    <ClInclude Include="Assimp (1)\Assimp\Assimp\include\Importer.hpp">
      <Filter>Sources\Assimp\include</Filter>
    </ClInclude>
    <ClInclude Include="Assimp (1)\Assimp\Assimp\include\importerdesc.h">
      <Filter>Sources\Assimp\include</Filter>
    </ClInclude>
    <ClInclude Include="Assimp (1)\Assimp\Assimp\include\IOStream.hpp">
      <Filter>Sources\Assimp\include</Filter>
    </ClInclude>
    <ClInclude Include="Assimp (1)\Assimp\Assimp\include\IOSystem.hpp">
      <Filter>Sources\Assimp\include</Filter>
    </ClInclude>
    <ClInclude Include="Assimp (1)\Assimp\Assimp\include\light.h">
      <Filter>Sources\Assimp\include</Filter>
    </ClInclude>
    <ClInclude Include="Assimp (1)\Assimp\Assimp\include\Logger.hpp">
      <Filter>Sources\Assimp\include</Filter>
    </ClInclude>
    <ClInclude Include="Assimp (1)\Assimp\Assimp\include\LogStream.hpp">
      <Filter>Sources\Assimp\include</Filter>
    </ClInclude>
    <ClInclude Include="Assimp (1)\Assimp\Assimp\include\material.h">
      <Filter>Sources\Assimp\include</Filter>
    </ClInclude>
    <ClInclude Include="Assimp (1)\Assimp\Assimp\include\matrix3x3.h">
      <Filter>Sources\Assimp\include</Filter>
    </ClInclude>
    <ClInclude Include="Assimp (1)\Assimp\Assimp\include\matrix4x4.h">
      <Filter>Sources\Assimp\include</Filter>
    </ClInclude>
    <ClInclude Include="Assimp (1)\Assimp\Assimp\include\mesh.h">
      <Filter>Sources\Assimp\include</Filter>
    </ClInclude>
    <ClInclude Include="Assimp (1)\Assimp\Assimp\include\metadata.h">
      <Filter>Sources\Assimp\include</Filter>
    </ClInclude>
    <ClInclude Include="Assimp (1)\Assimp\Assimp\include\NullLogger.hpp">
      <Filter>Sources\Assimp\include</Filter>
    </ClInclude>
    <ClInclude Include="Assimp (1)\Assimp\Assimp\include\postprocess.h">
      <Filter>Sources\Assimp\include</Filter>
    </ClInclude>
    <ClInclude Include="Assimp (1)\Assimp\Assimp\include\ProgressHandler.hpp">
      <Filter>Sources\Assimp\include</Filter>
    </ClInclude>
    <ClInclude Include="Assimp (1)\Assimp\Assimp\include\quaternion.h">
      <Filter>Sources\Assimp\include</Filter>
    </ClInclude>
    <ClInclude Include="Assimp (1)\Assimp\Assimp\include\scene.h">
      <Filter>Sources\Assimp\include</Filter>
    </ClInclude>
    <ClInclude Include="Assimp (1)\Assimp\Assimp\include\texture.h">
      <Filter>Sources\Assimp\include</Filter>
    </ClInclude>
    <ClInclude Include="Assimp (1)\Assimp\Assimp\include\types.h">
      <Filter>Sources\Assimp\include</Filter>
    </ClInclude>
    <ClInclude Include="Assimp (1)\Assimp\Assimp\include\vector2.h">
      <Filter>Sources\Assimp\include</Filter>
    </ClInclude>
    <ClInclude Include="Assimp (1)\Assimp\Assimp\include\vector3.h">
      <Filter>Sources\Assimp\include</Filter>
    </ClInclude>
    <ClInclude Include="Assimp (1)\Assimp\Assimp\include\version.h">
      <Filter>Sources\Assimp\include</Filter>
    </ClInclude>
    <ClInclude Include="ModuleLoadFBX.h">
      <Filter>Sources\Modules</Filter>
    </ClInclude>
    <ClInclude Include="Glew\Glew\include\eglew.h">
      <Filter>Sources\Glew\include</Filter>
    </ClInclude>
    <ClInclude Include="Glew\Glew\include\glew.h">
      <Filter>Sources\Glew\include</Filter>
    </ClInclude>
    <ClInclude Include="Glew\Glew\include\glxew.h">
      <Filter>Sources\Glew\include</Filter>
    </ClInclude>
    <ClInclude Include="Glew\Glew\include\wglew.h">
      <Filter>Sources\Glew\include</Filter>
    </ClInclude>
    <ClInclude Include="DevIL\include\devil_cpp_wrapper.hpp">
      <Filter>Sources\DevIL\include</Filter>
    </ClInclude>
    <ClInclude Include="DevIL\include\devil_internal_exports.h">
      <Filter>Sources\DevIL\include</Filter>
    </ClInclude>
    <ClInclude Include="DevIL\include\il.h">
      <Filter>Sources\DevIL\include</Filter>
    </ClInclude>
    <ClInclude Include="DevIL\include\il_wrap.h">
      <Filter>Sources\DevIL\include</Filter>
    </ClInclude>
    <ClInclude Include="DevIL\include\ilu.h">
      <Filter>Sources\DevIL\include</Filter>
    </ClInclude>
    <ClInclude Include="DevIL\include\ilu_region.h">
      <Filter>Sources\DevIL\include</Filter>
    </ClInclude>
    <ClInclude Include="DevIL\include\ilut.h">
      <Filter>Sources\DevIL\include</Filter>
    </ClInclude>
    <ClInclude Include="DevIL\include\ilut_config.h">
      <Filter>Sources\DevIL\include</Filter>
    </ClInclude>
  </ItemGroup>
  <ItemGroup>
    <ClCompile Include="ModuleCamera3D.cpp">
      <Filter>Sources\Modules</Filter>
    </ClCompile>
    <ClCompile Include="ModuleInput.cpp">
      <Filter>Sources\Modules</Filter>
    </ClCompile>
    <ClCompile Include="ModuleRenderer3D.cpp">
      <Filter>Sources\Modules</Filter>
    </ClCompile>
    <ClCompile Include="ModuleWindow.cpp">
      <Filter>Sources\Modules</Filter>
    </ClCompile>
    <ClCompile Include="log.cpp">
      <Filter>Sources\Tools</Filter>
    </ClCompile>
    <ClCompile Include="Timer.cpp">
      <Filter>Sources\Tools</Filter>
    </ClCompile>
    <ClCompile Include="Application.cpp">
      <Filter>Sources</Filter>
    </ClCompile>
    <ClCompile Include="Main.cpp">
      <Filter>Sources</Filter>
    </ClCompile>
    <ClCompile Include="glmath.cpp">
      <Filter>Sources\Containers</Filter>
    </ClCompile>
    <ClCompile Include="Primitive.cpp">
      <Filter>Sources\Helpers</Filter>
    </ClCompile>
    <ClCompile Include="Color.cpp">
      <Filter>Sources\Containers</Filter>
    </ClCompile>
    <ClCompile Include="Light.cpp">
      <Filter>Sources\Helpers</Filter>
    </ClCompile>
    <ClCompile Include="imgui\imgui_tables.cpp">
      <Filter>Sources\imgui</Filter>
    </ClCompile>
    <ClCompile Include="imgui\imgui_widgets.cpp">
      <Filter>Sources\imgui</Filter>
    </ClCompile>
    <ClCompile Include="imgui\imgui.cpp">
      <Filter>Sources\imgui</Filter>
    </ClCompile>
    <ClCompile Include="imgui\imgui_demo.cpp">
      <Filter>Sources\imgui</Filter>
    </ClCompile>
    <ClCompile Include="imgui\imgui_draw.cpp">
      <Filter>Sources\imgui</Filter>
    </ClCompile>
    <ClCompile Include="imgui\imgui_impl_opengl3.cpp">
      <Filter>Sources\imgui</Filter>
    </ClCompile>
    <ClCompile Include="imgui\imgui_impl_sdl.cpp">
      <Filter>Sources\imgui</Filter>
    </ClCompile>
    <ClCompile Include="ModuleSceneIntro.cpp">
      <Filter>Sources\Modules</Filter>
    </ClCompile>
    <ClCompile Include="MathGeoLib\include\Algorithm\Random\LCG.cpp">
      <Filter>Sources\MathGeoLib\include\Algorithm</Filter>
    </ClCompile>
    <ClCompile Include="MathGeoLib\include\Geometry\TriangleMesh.cpp">
      <Filter>Sources\MathGeoLib\include\Geometry</Filter>
    </ClCompile>
    <ClCompile Include="MathGeoLib\include\Geometry\Triangle.cpp">
      <Filter>Sources\MathGeoLib\include\Geometry</Filter>
    </ClCompile>
    <ClCompile Include="MathGeoLib\include\Geometry\Sphere.cpp">
      <Filter>Sources\MathGeoLib\include\Geometry</Filter>
    </ClCompile>
    <ClCompile Include="MathGeoLib\include\Geometry\Ray.cpp">
      <Filter>Sources\MathGeoLib\include\Geometry</Filter>
    </ClCompile>
    <ClCompile Include="MathGeoLib\include\Geometry\Polyhedron.cpp">
      <Filter>Sources\MathGeoLib\include\Geometry</Filter>
    </ClCompile>
    <ClCompile Include="MathGeoLib\include\Geometry\Polygon.cpp">
      <Filter>Sources\MathGeoLib\include\Geometry</Filter>
    </ClCompile>
    <ClCompile Include="MathGeoLib\include\Geometry\Plane.cpp">
      <Filter>Sources\MathGeoLib\include\Geometry</Filter>
    </ClCompile>
    <ClCompile Include="MathGeoLib\include\Geometry\OBB.cpp">
      <Filter>Sources\MathGeoLib\include\Geometry</Filter>
    </ClCompile>
    <ClCompile Include="MathGeoLib\include\Geometry\LineSegment.cpp">
      <Filter>Sources\MathGeoLib\include\Geometry</Filter>
    </ClCompile>
    <ClCompile Include="MathGeoLib\include\Geometry\Line.cpp">
      <Filter>Sources\MathGeoLib\include\Geometry</Filter>
    </ClCompile>
    <ClCompile Include="MathGeoLib\include\Geometry\Frustum.cpp">
      <Filter>Sources\MathGeoLib\include\Geometry</Filter>
    </ClCompile>
    <ClCompile Include="MathGeoLib\include\Geometry\Cylinder.cpp">
      <Filter>Sources\MathGeoLib\include\Geometry</Filter>
    </ClCompile>
    <ClCompile Include="MathGeoLib\include\Geometry\Cone.cpp">
      <Filter>Sources\MathGeoLib\include\Geometry</Filter>
    </ClCompile>
    <ClCompile Include="MathGeoLib\include\Geometry\Circle.cpp">
      <Filter>Sources\MathGeoLib\include\Geometry</Filter>
    </ClCompile>
    <ClCompile Include="MathGeoLib\include\Geometry\Capsule.cpp">
      <Filter>Sources\MathGeoLib\include\Geometry</Filter>
    </ClCompile>
    <ClCompile Include="MathGeoLib\include\Geometry\AABB.cpp">
      <Filter>Sources\MathGeoLib\include\Geometry</Filter>
    </ClCompile>
    <ClCompile Include="MathGeoLib\include\Math\BitOps.cpp">
      <Filter>Sources\MathGeoLib\include\Math</Filter>
    </ClCompile>
    <ClCompile Include="MathGeoLib\include\Math\float2.cpp">
      <Filter>Sources\MathGeoLib\include\Math</Filter>
    </ClCompile>
    <ClCompile Include="MathGeoLib\include\Math\float3.cpp">
      <Filter>Sources\MathGeoLib\include\Math</Filter>
    </ClCompile>
    <ClCompile Include="MathGeoLib\include\Math\float3x3.cpp">
      <Filter>Sources\MathGeoLib\include\Math</Filter>
    </ClCompile>
    <ClCompile Include="MathGeoLib\include\Math\float3x4.cpp">
      <Filter>Sources\MathGeoLib\include\Math</Filter>
    </ClCompile>
    <ClCompile Include="MathGeoLib\include\Math\float4.cpp">
      <Filter>Sources\MathGeoLib\include\Math</Filter>
    </ClCompile>
    <ClCompile Include="MathGeoLib\include\Math\float4x4.cpp">
      <Filter>Sources\MathGeoLib\include\Math</Filter>
    </ClCompile>
    <ClCompile Include="MathGeoLib\include\Math\MathFunc.cpp">
      <Filter>Sources\MathGeoLib\include\Math</Filter>
    </ClCompile>
    <ClCompile Include="MathGeoLib\include\Math\MathLog.cpp">
      <Filter>Sources\MathGeoLib\include\Math</Filter>
    </ClCompile>
    <ClCompile Include="MathGeoLib\include\Math\MathOps.cpp">
      <Filter>Sources\MathGeoLib\include\Math</Filter>
    </ClCompile>
    <ClCompile Include="MathGeoLib\include\Math\Polynomial.cpp">
      <Filter>Sources\MathGeoLib\include\Math</Filter>
    </ClCompile>
    <ClCompile Include="MathGeoLib\include\Math\Quat.cpp">
      <Filter>Sources\MathGeoLib\include\Math</Filter>
    </ClCompile>
    <ClCompile Include="MathGeoLib\include\Math\SSEMath.cpp">
      <Filter>Sources\MathGeoLib\include\Math</Filter>
    </ClCompile>
    <ClCompile Include="MathGeoLib\include\Math\TransformOps.cpp">
      <Filter>Sources\MathGeoLib\include\Math</Filter>
    </ClCompile>
    <ClCompile Include="MathGeoLib\include\Time\Clock.cpp">
      <Filter>Sources\MathGeoLib\include\Time</Filter>
    </ClCompile>
    <ClCompile Include="imgui_menu.cpp">
      <Filter>Sources\imgui</Filter>
    </ClCompile>
    <ClCompile Include="ModuleOpenGL_Primitives.cpp">
      <Filter>Sources\Modules</Filter>
    </ClCompile>
    <ClCompile Include="ModuleLoadFBX.cpp">
      <Filter>Sources\Modules</Filter>
    </ClCompile>
  </ItemGroup>
  <ItemGroup>
    <None Include="MathGeoLib\include\Geometry\TriangleMesh_IntersectRay_SSE.inl">
      <Filter>Sources\MathGeoLib\include\Geometry</Filter>
    </None>
    <None Include="MathGeoLib\include\Geometry\TriangleMesh_IntersectRay_CPP.inl">
      <Filter>Sources\MathGeoLib\include\Geometry</Filter>
    </None>
    <None Include="MathGeoLib\include\Geometry\TriangleMesh_IntersectRay_AVX.inl">
      <Filter>Sources\MathGeoLib\include\Geometry</Filter>
    </None>
    <None Include="MathGeoLib\include\Geometry\QuadTree.inl">
      <Filter>Sources\MathGeoLib\include\Geometry</Filter>
    </None>
    <None Include="MathGeoLib\include\Geometry\KDTree.inl">
      <Filter>Sources\MathGeoLib\include\Geometry</Filter>
    </None>
    <None Include="MathGeoLib\include\Math\Matrix.inl">
      <Filter>Sources\MathGeoLib\include\Math</Filter>
    </None>
    <None Include="Assimp (1)\Assimp\Assimp\include\color4.inl">
      <Filter>Sources\Assimp\include</Filter>
    </None>
    <None Include="Assimp (1)\Assimp\Assimp\include\material.inl">
      <Filter>Sources\Assimp\include</Filter>
    </None>
    <None Include="Assimp (1)\Assimp\Assimp\include\matrix3x3.inl">
      <Filter>Sources\Assimp\include</Filter>
    </None>
    <None Include="Assimp (1)\Assimp\Assimp\include\matrix4x4.inl">
      <Filter>Sources\Assimp\include</Filter>
    </None>
    <None Include="Assimp (1)\Assimp\Assimp\include\quaternion.inl">
      <Filter>Sources\Assimp\include</Filter>
    </None>
    <None Include="Assimp (1)\Assimp\Assimp\include\vector2.inl">
      <Filter>Sources\Assimp\include</Filter>
    </None>
    <None Include="Assimp (1)\Assimp\Assimp\include\vector3.inl">
      <Filter>Sources\Assimp\include</Filter>
    </None>
  </ItemGroup>
</Project>